<?xml version="1.0" encoding="UTF-8" standalone="yes" ?>
<CodeBlocks_project_file>
	<FileVersion major="1" minor="6" />
	<Project>
		<Option title="trabalho_final" />
		<Option pch_mode="2" />
		<Option compiler="gcc" />
		<Build>
			<Target title="Debug">
				<Option output="bin/Debug/trabalho_final" prefix_auto="1" extension_auto="1" />
				<Option object_output="obj/Debug/" />
				<Option type="1" />
				<Option compiler="gcc" />
				<Compiler>
					<Add option="-g" />
				</Compiler>
				<Linker>
					<Add option="`pkg-config allegro-5.0" />
					<Add option="allegro_primitives-5.0" />
					<Add option="allegro_audio-5.0" />
					<Add option="allegro_acodec-5.0" />
					<Add option="allegro_color-5.0" />
					<Add option="allegro_dialog-5.0" />
					<Add option="allegro_font-5.0" />
					<Add option="allegro_image-5.0" />
					<Add option="allegro_physfs-5.0" />
					<Add option="allegro_main-5.0" />
					<Add option="allegro_memfile-5.0" />
					<Add option="allegro_ttf-5.0" />
					<Add option="--libs `" />
				</Linker>
			</Target>
			<Target title="Release">
				<Option output="bin/Release/trabalho_final" prefix_auto="1" extension_auto="1" />
				<Option object_output="obj/Release/" />
				<Option type="1" />
				<Option compiler="gcc" />
				<Compiler>
					<Add option="-O2" />
				</Compiler>
				<Linker>
					<Add option="-s" />
				</Linker>
			</Target>
		</Build>
		<Compiler>
			<Add option="-Wall" />
		</Compiler>
		<Linker>
			<Add option="-lallegro" />
			<Add option="-lallegro_primitives" />
		</Linker>
		<Unit filename="Functions.c">
			<Option compilerVar="CC" />
		</Unit>
		<Unit filename="Functions.h" />
		<Unit filename="main.c">
			<Option compilerVar="CC" />
		</Unit>
		<Extensions>
			<code_completion />
			<debugger />
		</Extensions>
	</Project>
</CodeBlocks_project_file>
